
Microsoft Visual Studio Solution File, Format Version 12.00
# Visual Studio Version 17
VisualStudioVersion = 17.7.34009.444
MinimumVisualStudioVersion = 10.0.40219.1
Project("{FAE04EC0-301F-11D3-BF4B-00C04F79EFBC}") = "Water District Information System", "Water District Information System.csproj", "{4CA8F073-80E0-46CD-A0EF-58AE1C99772B}"
EndProject
Global
	GlobalSection(SolutionConfigurationPlatforms) = preSolution
		Debug|Any CPU = Debug|Any CPU
		Release|Any CPU = Release|Any CPU
	EndGlobalSection
	GlobalSection(ProjectConfigurationPlatforms) = postSolution
		{4CA8F073-80E0-46CD-A0EF-58AE1C99772B}.Debug|Any CPU.ActiveCfg = Debug|Any CPU
		{4CA8F073-80E0-46CD-A0EF-58AE1C99772B}.Debug|Any CPU.Build.0 = Debug|Any CPU
		{4CA8F073-80E0-46CD-A0EF-58AE1C99772B}.Release|Any CPU.ActiveCfg = Release|Any CPU
		{4CA8F073-80E0-46CD-A0EF-58AE1C99772B}.Release|Any CPU.Build.0 = Release|Any CPU
	EndGlobalSection
	GlobalSection(SolutionProperties) = preSolution
		HideSolutionNode = FALSE
	EndGlobalSection
	GlobalSection(ExtensibilityGlobals) = postSolution
		SolutionGuid = {EEA5A8FC-3867-4FFA-8A4D-968ED606EAEC}
	EndGlobalSection
EndGlobal
